
Microsoft Visual Studio Solution File, Format Version 11.00
# Visual C# Express 2010
Project("{FAE04EC0-301F-11D3-BF4B-00C04F79EFBC}") = "JakeJumper", "WindowsGame4\WindowsGame4\JakeJumper.csproj", "{97266230-B583-4F3F-81F3-89D882AD3FF2}"
EndProject
Project("{FAE04EC0-301F-11D3-BF4B-00C04F79EFBC}") = "WindowsGame4Content", "WindowsGame4\WindowsGame4Content\WindowsGame4Content.contentproj", "{34C8E1C1-6A4D-4FB1-9BDE-DA15A5673FEB}"
EndProject
Global
	GlobalSection(SolutionConfigurationPlatforms) = preSolution
		Debug|x86 = Debug|x86
		Release|x86 = Release|x86
	EndGlobalSection
	GlobalSection(ProjectConfigurationPlatforms) = postSolution
		{97266230-B583-4F3F-81F3-89D882AD3FF2}.Debug|x86.ActiveCfg = Debug|x86
		{97266230-B583-4F3F-81F3-89D882AD3FF2}.Debug|x86.Build.0 = Debug|x86
		{97266230-B583-4F3F-81F3-89D882AD3FF2}.Release|x86.ActiveCfg = Release|x86
		{97266230-B583-4F3F-81F3-89D882AD3FF2}.Release|x86.Build.0 = Release|x86
		{34C8E1C1-6A4D-4FB1-9BDE-DA15A5673FEB}.Debug|x86.ActiveCfg = Debug|x86
		{34C8E1C1-6A4D-4FB1-9BDE-DA15A5673FEB}.Release|x86.ActiveCfg = Release|x86
	EndGlobalSection
	GlobalSection(SolutionProperties) = preSolution
		HideSolutionNode = FALSE
	EndGlobalSection
EndGlobal
